
Microsoft Visual Studio Solution File, Format Version 12.00
Project("{FAE04EC0-301F-11D3-BF4B-00C04F79EFBC}") = "Day01.Tests", "Day01.Tests\Day01.Tests.csproj", "{9EACE6EA-CDB2-466B-B1ED-9033C3D84F35}"
EndProject
Project("{FAE04EC0-301F-11D3-BF4B-00C04F79EFBC}") = "DayRunner", "DayRunner\DayRunner.csproj", "{109D83BE-7D1E-4281-84E9-D35473735607}"
EndProject
Project("{FAE04EC0-301F-11D3-BF4B-00C04F79EFBC}") = "Day01", "Day01\Day01.csproj", "{FF94AEC6-8AE6-417F-A02E-B54A0DC70C56}"
EndProject
Project("{FAE04EC0-301F-11D3-BF4B-00C04F79EFBC}") = "Day02.Tests", "Day02.Tests\Day02.Tests.csproj", "{B2FB4B1E-CEE7-497F-9704-D607FDE5A68F}"
EndProject
Project("{FAE04EC0-301F-11D3-BF4B-00C04F79EFBC}") = "Day02", "Day02\Day02.csproj", "{AFB2EAE4-FBB5-4C02-A27E-4A33B3C6BAF1}"
EndProject
Project("{FAE04EC0-301F-11D3-BF4B-00C04F79EFBC}") = "Day03", "Day03\Day03.csproj", "{CE41D3AA-FFE1-4658-88EF-287E43FED8C6}"
EndProject
Project("{FAE04EC0-301F-11D3-BF4B-00C04F79EFBC}") = "Day03.Tests", "Day03.Tests\Day03.Tests.csproj", "{0AAC01C4-BC49-4E88-8596-14C73C0D02BB}"
EndProject
Project("{FAE04EC0-301F-11D3-BF4B-00C04F79EFBC}") = "Day04.Tests", "Day04.Tests\Day04.Tests.csproj", "{A47C877F-9BA9-4052-A75B-2302844B3B74}"
EndProject
Project("{FAE04EC0-301F-11D3-BF4B-00C04F79EFBC}") = "Day04", "Day04\Day04.csproj", "{6D996DC8-3928-4D53-B203-017C8A5E3F82}"
EndProject
Project("{FAE04EC0-301F-11D3-BF4B-00C04F79EFBC}") = "Day05.Tests", "Day05.Tests\Day05.Tests.csproj", "{D539D8AB-A100-4DE1-B633-0D1AE3543EF8}"
EndProject
Project("{FAE04EC0-301F-11D3-BF4B-00C04F79EFBC}") = "Day06", "Day06\Day06.csproj", "{DE1BA472-379A-4081-B8F5-9F2C0076D662}"
EndProject
Project("{FAE04EC0-301F-11D3-BF4B-00C04F79EFBC}") = "Day05", "Day05\Day05.csproj", "{80DD4588-CF34-4893-8F69-2A1A69AD13B9}"
EndProject
Project("{FAE04EC0-301F-11D3-BF4B-00C04F79EFBC}") = "Day07", "Day07\Day07.csproj", "{37EA62F8-CC58-4385-B203-4A107E698C29}"
EndProject
Project("{FAE04EC0-301F-11D3-BF4B-00C04F79EFBC}") = "Day08", "Day08\Day08.csproj", "{11EE8B66-770A-4A93-AF22-6D96CDB1E5CC}"
EndProject
Project("{FAE04EC0-301F-11D3-BF4B-00C04F79EFBC}") = "Day09", "Day09\Day09.csproj", "{DA0D4DD9-C767-4886-A19D-AF5ECA9975AB}"
EndProject
Project("{FAE04EC0-301F-11D3-BF4B-00C04F79EFBC}") = "Day10", "Day10\Day10.csproj", "{11367527-F11A-4D9A-BB50-A3B6D18B1444}"
EndProject
Project("{FAE04EC0-301F-11D3-BF4B-00C04F79EFBC}") = "Day06.Tests", "Day06.Tests\Day06.Tests.csproj", "{ACB517DD-8B49-4DE4-BFCF-F5F661F7C6A7}"
EndProject
Project("{FAE04EC0-301F-11D3-BF4B-00C04F79EFBC}") = "Day07.Tests", "Day07.Tests\Day07.Tests.csproj", "{9EBF5A92-0D89-488D-8DD3-3B1CCEC8722E}"
EndProject
Project("{FAE04EC0-301F-11D3-BF4B-00C04F79EFBC}") = "Day08.Tests", "Day08.Tests\Day08.Tests.csproj", "{853D3529-B124-41B8-A998-D76A4A173061}"
EndProject
Project("{FAE04EC0-301F-11D3-BF4B-00C04F79EFBC}") = "Day09.Tests", "Day09.Tests\Day09.Tests.csproj", "{970822C3-BCF9-44ED-8D02-0AB71E9B82CA}"
EndProject
Project("{FAE04EC0-301F-11D3-BF4B-00C04F79EFBC}") = "Day10.Tests", "Day10.Tests\Day10.Tests.csproj", "{FA36A755-AF01-416F-98F3-578D67BDA3AA}"
EndProject
Project("{FAE04EC0-301F-11D3-BF4B-00C04F79EFBC}") = "Day11", "Day11\Day11.csproj", "{D74C54C4-F5C7-424D-B0F9-EA3F1C22D558}"
EndProject
Project("{FAE04EC0-301F-11D3-BF4B-00C04F79EFBC}") = "Day11.Tests", "Day11.Tests\Day11.Tests.csproj", "{587B3BFF-14CF-4E5B-9CB3-06790C9435B1}"
EndProject
Project("{FAE04EC0-301F-11D3-BF4B-00C04F79EFBC}") = "Day12", "Day12\Day12.csproj", "{5B73005C-56FE-4DE0-A400-B104D2611E71}"
EndProject
Project("{FAE04EC0-301F-11D3-BF4B-00C04F79EFBC}") = "Day13", "Day13\Day13.csproj", "{9B589EC6-3143-4520-A905-7599EF9FBF35}"
EndProject
Project("{FAE04EC0-301F-11D3-BF4B-00C04F79EFBC}") = "Day14", "Day14\Day14.csproj", "{AF789894-6600-47C4-898E-44F1CE1B9C2B}"
EndProject
Project("{FAE04EC0-301F-11D3-BF4B-00C04F79EFBC}") = "Day12.Tests", "Day12.Tests\Day12.Tests.csproj", "{9BDA5028-0FCD-44C1-B7C1-002D389D6456}"
EndProject
Project("{FAE04EC0-301F-11D3-BF4B-00C04F79EFBC}") = "Day13.Tests", "Day13.Tests\Day13.Tests.csproj", "{74E3F164-4A1A-4928-AF37-B85389B7AA8C}"
EndProject
Project("{FAE04EC0-301F-11D3-BF4B-00C04F79EFBC}") = "Day14.tests", "Day14.tests\Day14.tests.csproj", "{A50B9A2E-A92F-44C7-A4AB-A9DD0956A2EF}"
EndProject
Project("{FAE04EC0-301F-11D3-BF4B-00C04F79EFBC}") = "Day15", "Day15\Day15.csproj", "{B02F3FA8-0840-4D66-B810-9FFFCE8CE8A7}"
EndProject
Project("{FAE04EC0-301F-11D3-BF4B-00C04F79EFBC}") = "Day15.Tests", "Day15.Tests\Day15.Tests.csproj", "{DB59DCC6-3BD3-436D-9EDD-61298AAAEA7D}"
EndProject
Project("{FAE04EC0-301F-11D3-BF4B-00C04F79EFBC}") = "Day16.Tests", "Day16.Tests\Day16.Tests.csproj", "{858544FD-AFA7-4072-9969-40DFAD65B5C4}"
EndProject
Project("{FAE04EC0-301F-11D3-BF4B-00C04F79EFBC}") = "Day16", "Day16\Day16.csproj", "{36BC0167-6601-443F-9FAC-34A395185EEC}"
EndProject
Project("{FAE04EC0-301F-11D3-BF4B-00C04F79EFBC}") = "Day17", "Day17\Day17.csproj", "{87B78659-1458-426F-9D5C-6289DDB05DB4}"
EndProject
Project("{FAE04EC0-301F-11D3-BF4B-00C04F79EFBC}") = "Day17.Tests", "Day17.Tests\Day17.Tests.csproj", "{370163FE-D3ED-4BAB-ADE2-3FC1B11DC1C0}"
EndProject
Global
	GlobalSection(SolutionConfigurationPlatforms) = preSolution
		Debug|Any CPU = Debug|Any CPU
		Release|Any CPU = Release|Any CPU
	EndGlobalSection
	GlobalSection(ProjectConfigurationPlatforms) = postSolution
		{9EACE6EA-CDB2-466B-B1ED-9033C3D84F35}.Debug|Any CPU.ActiveCfg = Debug|Any CPU
		{9EACE6EA-CDB2-466B-B1ED-9033C3D84F35}.Debug|Any CPU.Build.0 = Debug|Any CPU
		{9EACE6EA-CDB2-466B-B1ED-9033C3D84F35}.Release|Any CPU.ActiveCfg = Release|Any CPU
		{9EACE6EA-CDB2-466B-B1ED-9033C3D84F35}.Release|Any CPU.Build.0 = Release|Any CPU
		{109D83BE-7D1E-4281-84E9-D35473735607}.Debug|Any CPU.ActiveCfg = Debug|Any CPU
		{109D83BE-7D1E-4281-84E9-D35473735607}.Debug|Any CPU.Build.0 = Debug|Any CPU
		{109D83BE-7D1E-4281-84E9-D35473735607}.Release|Any CPU.ActiveCfg = Release|Any CPU
		{109D83BE-7D1E-4281-84E9-D35473735607}.Release|Any CPU.Build.0 = Release|Any CPU
		{FF94AEC6-8AE6-417F-A02E-B54A0DC70C56}.Debug|Any CPU.ActiveCfg = Debug|Any CPU
		{FF94AEC6-8AE6-417F-A02E-B54A0DC70C56}.Debug|Any CPU.Build.0 = Debug|Any CPU
		{FF94AEC6-8AE6-417F-A02E-B54A0DC70C56}.Release|Any CPU.ActiveCfg = Release|Any CPU
		{FF94AEC6-8AE6-417F-A02E-B54A0DC70C56}.Release|Any CPU.Build.0 = Release|Any CPU
		{B2FB4B1E-CEE7-497F-9704-D607FDE5A68F}.Debug|Any CPU.ActiveCfg = Debug|Any CPU
		{B2FB4B1E-CEE7-497F-9704-D607FDE5A68F}.Debug|Any CPU.Build.0 = Debug|Any CPU
		{B2FB4B1E-CEE7-497F-9704-D607FDE5A68F}.Release|Any CPU.ActiveCfg = Release|Any CPU
		{B2FB4B1E-CEE7-497F-9704-D607FDE5A68F}.Release|Any CPU.Build.0 = Release|Any CPU
		{AFB2EAE4-FBB5-4C02-A27E-4A33B3C6BAF1}.Debug|Any CPU.ActiveCfg = Debug|Any CPU
		{AFB2EAE4-FBB5-4C02-A27E-4A33B3C6BAF1}.Debug|Any CPU.Build.0 = Debug|Any CPU
		{AFB2EAE4-FBB5-4C02-A27E-4A33B3C6BAF1}.Release|Any CPU.ActiveCfg = Release|Any CPU
		{AFB2EAE4-FBB5-4C02-A27E-4A33B3C6BAF1}.Release|Any CPU.Build.0 = Release|Any CPU
		{CE41D3AA-FFE1-4658-88EF-287E43FED8C6}.Debug|Any CPU.ActiveCfg = Debug|Any CPU
		{CE41D3AA-FFE1-4658-88EF-287E43FED8C6}.Debug|Any CPU.Build.0 = Debug|Any CPU
		{CE41D3AA-FFE1-4658-88EF-287E43FED8C6}.Release|Any CPU.ActiveCfg = Release|Any CPU
		{CE41D3AA-FFE1-4658-88EF-287E43FED8C6}.Release|Any CPU.Build.0 = Release|Any CPU
		{0AAC01C4-BC49-4E88-8596-14C73C0D02BB}.Debug|Any CPU.ActiveCfg = Debug|Any CPU
		{0AAC01C4-BC49-4E88-8596-14C73C0D02BB}.Debug|Any CPU.Build.0 = Debug|Any CPU
		{0AAC01C4-BC49-4E88-8596-14C73C0D02BB}.Release|Any CPU.ActiveCfg = Release|Any CPU
		{0AAC01C4-BC49-4E88-8596-14C73C0D02BB}.Release|Any CPU.Build.0 = Release|Any CPU
		{A47C877F-9BA9-4052-A75B-2302844B3B74}.Debug|Any CPU.ActiveCfg = Debug|Any CPU
		{A47C877F-9BA9-4052-A75B-2302844B3B74}.Debug|Any CPU.Build.0 = Debug|Any CPU
		{A47C877F-9BA9-4052-A75B-2302844B3B74}.Release|Any CPU.ActiveCfg = Release|Any CPU
		{A47C877F-9BA9-4052-A75B-2302844B3B74}.Release|Any CPU.Build.0 = Release|Any CPU
		{6D996DC8-3928-4D53-B203-017C8A5E3F82}.Debug|Any CPU.ActiveCfg = Debug|Any CPU
		{6D996DC8-3928-4D53-B203-017C8A5E3F82}.Debug|Any CPU.Build.0 = Debug|Any CPU
		{6D996DC8-3928-4D53-B203-017C8A5E3F82}.Release|Any CPU.ActiveCfg = Release|Any CPU
		{6D996DC8-3928-4D53-B203-017C8A5E3F82}.Release|Any CPU.Build.0 = Release|Any CPU
		{D539D8AB-A100-4DE1-B633-0D1AE3543EF8}.Debug|Any CPU.ActiveCfg = Debug|Any CPU
		{D539D8AB-A100-4DE1-B633-0D1AE3543EF8}.Debug|Any CPU.Build.0 = Debug|Any CPU
		{D539D8AB-A100-4DE1-B633-0D1AE3543EF8}.Release|Any CPU.ActiveCfg = Release|Any CPU
		{D539D8AB-A100-4DE1-B633-0D1AE3543EF8}.Release|Any CPU.Build.0 = Release|Any CPU
		{DE1BA472-379A-4081-B8F5-9F2C0076D662}.Debug|Any CPU.ActiveCfg = Debug|Any CPU
		{DE1BA472-379A-4081-B8F5-9F2C0076D662}.Debug|Any CPU.Build.0 = Debug|Any CPU
		{DE1BA472-379A-4081-B8F5-9F2C0076D662}.Release|Any CPU.ActiveCfg = Release|Any CPU
		{DE1BA472-379A-4081-B8F5-9F2C0076D662}.Release|Any CPU.Build.0 = Release|Any CPU
		{80DD4588-CF34-4893-8F69-2A1A69AD13B9}.Debug|Any CPU.ActiveCfg = Debug|Any CPU
		{80DD4588-CF34-4893-8F69-2A1A69AD13B9}.Debug|Any CPU.Build.0 = Debug|Any CPU
		{80DD4588-CF34-4893-8F69-2A1A69AD13B9}.Release|Any CPU.ActiveCfg = Release|Any CPU
		{80DD4588-CF34-4893-8F69-2A1A69AD13B9}.Release|Any CPU.Build.0 = Release|Any CPU
		{37EA62F8-CC58-4385-B203-4A107E698C29}.Debug|Any CPU.ActiveCfg = Debug|Any CPU
		{37EA62F8-CC58-4385-B203-4A107E698C29}.Debug|Any CPU.Build.0 = Debug|Any CPU
		{37EA62F8-CC58-4385-B203-4A107E698C29}.Release|Any CPU.ActiveCfg = Release|Any CPU
		{37EA62F8-CC58-4385-B203-4A107E698C29}.Release|Any CPU.Build.0 = Release|Any CPU
		{11EE8B66-770A-4A93-AF22-6D96CDB1E5CC}.Debug|Any CPU.ActiveCfg = Debug|Any CPU
		{11EE8B66-770A-4A93-AF22-6D96CDB1E5CC}.Debug|Any CPU.Build.0 = Debug|Any CPU
		{11EE8B66-770A-4A93-AF22-6D96CDB1E5CC}.Release|Any CPU.ActiveCfg = Release|Any CPU
		{11EE8B66-770A-4A93-AF22-6D96CDB1E5CC}.Release|Any CPU.Build.0 = Release|Any CPU
		{DA0D4DD9-C767-4886-A19D-AF5ECA9975AB}.Debug|Any CPU.ActiveCfg = Debug|Any CPU
		{DA0D4DD9-C767-4886-A19D-AF5ECA9975AB}.Debug|Any CPU.Build.0 = Debug|Any CPU
		{DA0D4DD9-C767-4886-A19D-AF5ECA9975AB}.Release|Any CPU.ActiveCfg = Release|Any CPU
		{DA0D4DD9-C767-4886-A19D-AF5ECA9975AB}.Release|Any CPU.Build.0 = Release|Any CPU
		{11367527-F11A-4D9A-BB50-A3B6D18B1444}.Debug|Any CPU.ActiveCfg = Debug|Any CPU
		{11367527-F11A-4D9A-BB50-A3B6D18B1444}.Debug|Any CPU.Build.0 = Debug|Any CPU
		{11367527-F11A-4D9A-BB50-A3B6D18B1444}.Release|Any CPU.ActiveCfg = Release|Any CPU
		{11367527-F11A-4D9A-BB50-A3B6D18B1444}.Release|Any CPU.Build.0 = Release|Any CPU
		{ACB517DD-8B49-4DE4-BFCF-F5F661F7C6A7}.Debug|Any CPU.ActiveCfg = Debug|Any CPU
		{ACB517DD-8B49-4DE4-BFCF-F5F661F7C6A7}.Debug|Any CPU.Build.0 = Debug|Any CPU
		{ACB517DD-8B49-4DE4-BFCF-F5F661F7C6A7}.Release|Any CPU.ActiveCfg = Release|Any CPU
		{ACB517DD-8B49-4DE4-BFCF-F5F661F7C6A7}.Release|Any CPU.Build.0 = Release|Any CPU
		{9EBF5A92-0D89-488D-8DD3-3B1CCEC8722E}.Debug|Any CPU.ActiveCfg = Debug|Any CPU
		{9EBF5A92-0D89-488D-8DD3-3B1CCEC8722E}.Debug|Any CPU.Build.0 = Debug|Any CPU
		{9EBF5A92-0D89-488D-8DD3-3B1CCEC8722E}.Release|Any CPU.ActiveCfg = Release|Any CPU
		{9EBF5A92-0D89-488D-8DD3-3B1CCEC8722E}.Release|Any CPU.Build.0 = Release|Any CPU
		{853D3529-B124-41B8-A998-D76A4A173061}.Debug|Any CPU.ActiveCfg = Debug|Any CPU
		{853D3529-B124-41B8-A998-D76A4A173061}.Debug|Any CPU.Build.0 = Debug|Any CPU
		{853D3529-B124-41B8-A998-D76A4A173061}.Release|Any CPU.ActiveCfg = Release|Any CPU
		{853D3529-B124-41B8-A998-D76A4A173061}.Release|Any CPU.Build.0 = Release|Any CPU
		{970822C3-BCF9-44ED-8D02-0AB71E9B82CA}.Debug|Any CPU.ActiveCfg = Debug|Any CPU
		{970822C3-BCF9-44ED-8D02-0AB71E9B82CA}.Debug|Any CPU.Build.0 = Debug|Any CPU
		{970822C3-BCF9-44ED-8D02-0AB71E9B82CA}.Release|Any CPU.ActiveCfg = Release|Any CPU
		{970822C3-BCF9-44ED-8D02-0AB71E9B82CA}.Release|Any CPU.Build.0 = Release|Any CPU
		{FA36A755-AF01-416F-98F3-578D67BDA3AA}.Debug|Any CPU.ActiveCfg = Debug|Any CPU
		{FA36A755-AF01-416F-98F3-578D67BDA3AA}.Debug|Any CPU.Build.0 = Debug|Any CPU
		{FA36A755-AF01-416F-98F3-578D67BDA3AA}.Release|Any CPU.ActiveCfg = Release|Any CPU
		{FA36A755-AF01-416F-98F3-578D67BDA3AA}.Release|Any CPU.Build.0 = Release|Any CPU
		{D74C54C4-F5C7-424D-B0F9-EA3F1C22D558}.Debug|Any CPU.ActiveCfg = Debug|Any CPU
		{D74C54C4-F5C7-424D-B0F9-EA3F1C22D558}.Debug|Any CPU.Build.0 = Debug|Any CPU
		{D74C54C4-F5C7-424D-B0F9-EA3F1C22D558}.Release|Any CPU.ActiveCfg = Release|Any CPU
		{D74C54C4-F5C7-424D-B0F9-EA3F1C22D558}.Release|Any CPU.Build.0 = Release|Any CPU
		{587B3BFF-14CF-4E5B-9CB3-06790C9435B1}.Debug|Any CPU.ActiveCfg = Debug|Any CPU
		{587B3BFF-14CF-4E5B-9CB3-06790C9435B1}.Debug|Any CPU.Build.0 = Debug|Any CPU
		{587B3BFF-14CF-4E5B-9CB3-06790C9435B1}.Release|Any CPU.ActiveCfg = Release|Any CPU
		{587B3BFF-14CF-4E5B-9CB3-06790C9435B1}.Release|Any CPU.Build.0 = Release|Any CPU
		{5B73005C-56FE-4DE0-A400-B104D2611E71}.Debug|Any CPU.ActiveCfg = Debug|Any CPU
		{5B73005C-56FE-4DE0-A400-B104D2611E71}.Debug|Any CPU.Build.0 = Debug|Any CPU
		{5B73005C-56FE-4DE0-A400-B104D2611E71}.Release|Any CPU.ActiveCfg = Release|Any CPU
		{5B73005C-56FE-4DE0-A400-B104D2611E71}.Release|Any CPU.Build.0 = Release|Any CPU
		{9B589EC6-3143-4520-A905-7599EF9FBF35}.Debug|Any CPU.ActiveCfg = Debug|Any CPU
		{9B589EC6-3143-4520-A905-7599EF9FBF35}.Debug|Any CPU.Build.0 = Debug|Any CPU
		{9B589EC6-3143-4520-A905-7599EF9FBF35}.Release|Any CPU.ActiveCfg = Release|Any CPU
		{9B589EC6-3143-4520-A905-7599EF9FBF35}.Release|Any CPU.Build.0 = Release|Any CPU
		{AF789894-6600-47C4-898E-44F1CE1B9C2B}.Debug|Any CPU.ActiveCfg = Debug|Any CPU
		{AF789894-6600-47C4-898E-44F1CE1B9C2B}.Debug|Any CPU.Build.0 = Debug|Any CPU
		{AF789894-6600-47C4-898E-44F1CE1B9C2B}.Release|Any CPU.ActiveCfg = Release|Any CPU
		{AF789894-6600-47C4-898E-44F1CE1B9C2B}.Release|Any CPU.Build.0 = Release|Any CPU
		{9BDA5028-0FCD-44C1-B7C1-002D389D6456}.Debug|Any CPU.ActiveCfg = Debug|Any CPU
		{9BDA5028-0FCD-44C1-B7C1-002D389D6456}.Debug|Any CPU.Build.0 = Debug|Any CPU
		{9BDA5028-0FCD-44C1-B7C1-002D389D6456}.Release|Any CPU.ActiveCfg = Release|Any CPU
		{9BDA5028-0FCD-44C1-B7C1-002D389D6456}.Release|Any CPU.Build.0 = Release|Any CPU
		{74E3F164-4A1A-4928-AF37-B85389B7AA8C}.Debug|Any CPU.ActiveCfg = Debug|Any CPU
		{74E3F164-4A1A-4928-AF37-B85389B7AA8C}.Debug|Any CPU.Build.0 = Debug|Any CPU
		{74E3F164-4A1A-4928-AF37-B85389B7AA8C}.Release|Any CPU.ActiveCfg = Release|Any CPU
		{74E3F164-4A1A-4928-AF37-B85389B7AA8C}.Release|Any CPU.Build.0 = Release|Any CPU
		{A50B9A2E-A92F-44C7-A4AB-A9DD0956A2EF}.Debug|Any CPU.ActiveCfg = Debug|Any CPU
		{A50B9A2E-A92F-44C7-A4AB-A9DD0956A2EF}.Debug|Any CPU.Build.0 = Debug|Any CPU
		{A50B9A2E-A92F-44C7-A4AB-A9DD0956A2EF}.Release|Any CPU.ActiveCfg = Release|Any CPU
		{A50B9A2E-A92F-44C7-A4AB-A9DD0956A2EF}.Release|Any CPU.Build.0 = Release|Any CPU
		{B02F3FA8-0840-4D66-B810-9FFFCE8CE8A7}.Debug|Any CPU.ActiveCfg = Debug|Any CPU
		{B02F3FA8-0840-4D66-B810-9FFFCE8CE8A7}.Debug|Any CPU.Build.0 = Debug|Any CPU
		{B02F3FA8-0840-4D66-B810-9FFFCE8CE8A7}.Release|Any CPU.ActiveCfg = Release|Any CPU
		{B02F3FA8-0840-4D66-B810-9FFFCE8CE8A7}.Release|Any CPU.Build.0 = Release|Any CPU
		{DB59DCC6-3BD3-436D-9EDD-61298AAAEA7D}.Debug|Any CPU.ActiveCfg = Debug|Any CPU
		{DB59DCC6-3BD3-436D-9EDD-61298AAAEA7D}.Debug|Any CPU.Build.0 = Debug|Any CPU
		{DB59DCC6-3BD3-436D-9EDD-61298AAAEA7D}.Release|Any CPU.ActiveCfg = Release|Any CPU
		{DB59DCC6-3BD3-436D-9EDD-61298AAAEA7D}.Release|Any CPU.Build.0 = Release|Any CPU
		{858544FD-AFA7-4072-9969-40DFAD65B5C4}.Debug|Any CPU.ActiveCfg = Debug|Any CPU
		{858544FD-AFA7-4072-9969-40DFAD65B5C4}.Debug|Any CPU.Build.0 = Debug|Any CPU
		{858544FD-AFA7-4072-9969-40DFAD65B5C4}.Release|Any CPU.ActiveCfg = Release|Any CPU
		{858544FD-AFA7-4072-9969-40DFAD65B5C4}.Release|Any CPU.Build.0 = Release|Any CPU
		{36BC0167-6601-443F-9FAC-34A395185EEC}.Debug|Any CPU.ActiveCfg = Debug|Any CPU
		{36BC0167-6601-443F-9FAC-34A395185EEC}.Debug|Any CPU.Build.0 = Debug|Any CPU
		{36BC0167-6601-443F-9FAC-34A395185EEC}.Release|Any CPU.ActiveCfg = Release|Any CPU
		{36BC0167-6601-443F-9FAC-34A395185EEC}.Release|Any CPU.Build.0 = Release|Any CPU
		{87B78659-1458-426F-9D5C-6289DDB05DB4}.Debug|Any CPU.ActiveCfg = Debug|Any CPU
		{87B78659-1458-426F-9D5C-6289DDB05DB4}.Debug|Any CPU.Build.0 = Debug|Any CPU
		{87B78659-1458-426F-9D5C-6289DDB05DB4}.Release|Any CPU.ActiveCfg = Release|Any CPU
		{87B78659-1458-426F-9D5C-6289DDB05DB4}.Release|Any CPU.Build.0 = Release|Any CPU
		{370163FE-D3ED-4BAB-ADE2-3FC1B11DC1C0}.Debug|Any CPU.ActiveCfg = Debug|Any CPU
		{370163FE-D3ED-4BAB-ADE2-3FC1B11DC1C0}.Debug|Any CPU.Build.0 = Debug|Any CPU
		{370163FE-D3ED-4BAB-ADE2-3FC1B11DC1C0}.Release|Any CPU.ActiveCfg = Release|Any CPU
		{370163FE-D3ED-4BAB-ADE2-3FC1B11DC1C0}.Release|Any CPU.Build.0 = Release|Any CPU
	EndGlobalSection
EndGlobal
