
Microsoft Visual Studio Solution File, Format Version 12.00
Project("{FAE04EC0-301F-11D3-BF4B-00C04F79EFBC}") = "Day01.Tests", "Day01.Tests\Day01.Tests.csproj", "{9EACE6EA-CDB2-466B-B1ED-9033C3D84F35}"
EndProject
Project("{FAE04EC0-301F-11D3-BF4B-00C04F79EFBC}") = "DayRunner", "DayRunner\DayRunner.csproj", "{109D83BE-7D1E-4281-84E9-D35473735607}"
EndProject
Project("{FAE04EC0-301F-11D3-BF4B-00C04F79EFBC}") = "Day01", "Day01\Day01.csproj", "{FF94AEC6-8AE6-417F-A02E-B54A0DC70C56}"
EndProject
Project("{FAE04EC0-301F-11D3-BF4B-00C04F79EFBC}") = "Day02.Tests", "Day02.Tests\Day02.Tests.csproj", "{B2FB4B1E-CEE7-497F-9704-D607FDE5A68F}"
EndProject
Project("{FAE04EC0-301F-11D3-BF4B-00C04F79EFBC}") = "Day02", "Day02\Day02.csproj", "{AFB2EAE4-FBB5-4C02-A27E-4A33B3C6BAF1}"
EndProject
Project("{FAE04EC0-301F-11D3-BF4B-00C04F79EFBC}") = "Day03", "Day03\Day03.csproj", "{CE41D3AA-FFE1-4658-88EF-287E43FED8C6}"
EndProject
Project("{FAE04EC0-301F-11D3-BF4B-00C04F79EFBC}") = "Day03.Tests", "Day03.Tests\Day03.Tests.csproj", "{0AAC01C4-BC49-4E88-8596-14C73C0D02BB}"
EndProject
Project("{FAE04EC0-301F-11D3-BF4B-00C04F79EFBC}") = "Day04.Tests", "Day04.Tests\Day04.Tests.csproj", "{A47C877F-9BA9-4052-A75B-2302844B3B74}"
EndProject
Project("{FAE04EC0-301F-11D3-BF4B-00C04F79EFBC}") = "Day04", "Day04\Day04.csproj", "{6D996DC8-3928-4D53-B203-017C8A5E3F82}"
EndProject
Global
	GlobalSection(SolutionConfigurationPlatforms) = preSolution
		Debug|Any CPU = Debug|Any CPU
		Release|Any CPU = Release|Any CPU
	EndGlobalSection
	GlobalSection(ProjectConfigurationPlatforms) = postSolution
		{9EACE6EA-CDB2-466B-B1ED-9033C3D84F35}.Debug|Any CPU.ActiveCfg = Debug|Any CPU
		{9EACE6EA-CDB2-466B-B1ED-9033C3D84F35}.Debug|Any CPU.Build.0 = Debug|Any CPU
		{9EACE6EA-CDB2-466B-B1ED-9033C3D84F35}.Release|Any CPU.ActiveCfg = Release|Any CPU
		{9EACE6EA-CDB2-466B-B1ED-9033C3D84F35}.Release|Any CPU.Build.0 = Release|Any CPU
		{109D83BE-7D1E-4281-84E9-D35473735607}.Debug|Any CPU.ActiveCfg = Debug|Any CPU
		{109D83BE-7D1E-4281-84E9-D35473735607}.Debug|Any CPU.Build.0 = Debug|Any CPU
		{109D83BE-7D1E-4281-84E9-D35473735607}.Release|Any CPU.ActiveCfg = Release|Any CPU
		{109D83BE-7D1E-4281-84E9-D35473735607}.Release|Any CPU.Build.0 = Release|Any CPU
		{FF94AEC6-8AE6-417F-A02E-B54A0DC70C56}.Debug|Any CPU.ActiveCfg = Debug|Any CPU
		{FF94AEC6-8AE6-417F-A02E-B54A0DC70C56}.Debug|Any CPU.Build.0 = Debug|Any CPU
		{FF94AEC6-8AE6-417F-A02E-B54A0DC70C56}.Release|Any CPU.ActiveCfg = Release|Any CPU
		{FF94AEC6-8AE6-417F-A02E-B54A0DC70C56}.Release|Any CPU.Build.0 = Release|Any CPU
		{B2FB4B1E-CEE7-497F-9704-D607FDE5A68F}.Debug|Any CPU.ActiveCfg = Debug|Any CPU
		{B2FB4B1E-CEE7-497F-9704-D607FDE5A68F}.Debug|Any CPU.Build.0 = Debug|Any CPU
		{B2FB4B1E-CEE7-497F-9704-D607FDE5A68F}.Release|Any CPU.ActiveCfg = Release|Any CPU
		{B2FB4B1E-CEE7-497F-9704-D607FDE5A68F}.Release|Any CPU.Build.0 = Release|Any CPU
		{AFB2EAE4-FBB5-4C02-A27E-4A33B3C6BAF1}.Debug|Any CPU.ActiveCfg = Debug|Any CPU
		{AFB2EAE4-FBB5-4C02-A27E-4A33B3C6BAF1}.Debug|Any CPU.Build.0 = Debug|Any CPU
		{AFB2EAE4-FBB5-4C02-A27E-4A33B3C6BAF1}.Release|Any CPU.ActiveCfg = Release|Any CPU
		{AFB2EAE4-FBB5-4C02-A27E-4A33B3C6BAF1}.Release|Any CPU.Build.0 = Release|Any CPU
		{CE41D3AA-FFE1-4658-88EF-287E43FED8C6}.Debug|Any CPU.ActiveCfg = Debug|Any CPU
		{CE41D3AA-FFE1-4658-88EF-287E43FED8C6}.Debug|Any CPU.Build.0 = Debug|Any CPU
		{CE41D3AA-FFE1-4658-88EF-287E43FED8C6}.Release|Any CPU.ActiveCfg = Release|Any CPU
		{CE41D3AA-FFE1-4658-88EF-287E43FED8C6}.Release|Any CPU.Build.0 = Release|Any CPU
		{0AAC01C4-BC49-4E88-8596-14C73C0D02BB}.Debug|Any CPU.ActiveCfg = Debug|Any CPU
		{0AAC01C4-BC49-4E88-8596-14C73C0D02BB}.Debug|Any CPU.Build.0 = Debug|Any CPU
		{0AAC01C4-BC49-4E88-8596-14C73C0D02BB}.Release|Any CPU.ActiveCfg = Release|Any CPU
		{0AAC01C4-BC49-4E88-8596-14C73C0D02BB}.Release|Any CPU.Build.0 = Release|Any CPU
		{A47C877F-9BA9-4052-A75B-2302844B3B74}.Debug|Any CPU.ActiveCfg = Debug|Any CPU
		{A47C877F-9BA9-4052-A75B-2302844B3B74}.Debug|Any CPU.Build.0 = Debug|Any CPU
		{A47C877F-9BA9-4052-A75B-2302844B3B74}.Release|Any CPU.ActiveCfg = Release|Any CPU
		{A47C877F-9BA9-4052-A75B-2302844B3B74}.Release|Any CPU.Build.0 = Release|Any CPU
		{6D996DC8-3928-4D53-B203-017C8A5E3F82}.Debug|Any CPU.ActiveCfg = Debug|Any CPU
		{6D996DC8-3928-4D53-B203-017C8A5E3F82}.Debug|Any CPU.Build.0 = Debug|Any CPU
		{6D996DC8-3928-4D53-B203-017C8A5E3F82}.Release|Any CPU.ActiveCfg = Release|Any CPU
		{6D996DC8-3928-4D53-B203-017C8A5E3F82}.Release|Any CPU.Build.0 = Release|Any CPU
	EndGlobalSection
EndGlobal
